# THIS IS AN AUTOGENERATED FILE. DO NOT EDIT THIS FILE DIRECTLY.
# yarn lockfile v1


vuetify@^2.1.10:
  version "2.1.10"
  resolved "https://registry.yarnpkg.com/vuetify/-/vuetify-2.1.10.tgz#ff2107bf1a5f227b18dbe31e08d92753ad68a15b"
  integrity sha512-hFc6XNYc2YE3HisxCH5VezRFtGQ2RwTvBy7eN+b67UuiGIhvEUR9h3uO4NUuulmvKPKJ4rONN+L9sVszgMBlJQ==
